
Microsoft Visual Studio Solution File, Format Version 12.00
# Visual Studio Version 17
VisualStudioVersion = 17.13.35825.156
MinimumVisualStudioVersion = 10.0.40219.1
Project("{FAE04EC0-301F-11D3-BF4B-00C04F79EFBC}") = "Software Project Gacha Game", "Software Project Gacha Game\Software Project Gacha Game.csproj", "{B075619B-8457-4F15-9347-3FC43BB232C8}"
EndProject
Global
	GlobalSection(SolutionConfigurationPlatforms) = preSolution
		Debug|Any CPU = Debug|Any CPU
		Release|Any CPU = Release|Any CPU
	EndGlobalSection
	GlobalSection(ProjectConfigurationPlatforms) = postSolution
		{B075619B-8457-4F15-9347-3FC43BB232C8}.Debug|Any CPU.ActiveCfg = Debug|Any CPU
		{B075619B-8457-4F15-9347-3FC43BB232C8}.Debug|Any CPU.Build.0 = Debug|Any CPU
		{B075619B-8457-4F15-9347-3FC43BB232C8}.Release|Any CPU.ActiveCfg = Release|Any CPU
		{B075619B-8457-4F15-9347-3FC43BB232C8}.Release|Any CPU.Build.0 = Release|Any CPU
	EndGlobalSection
	GlobalSection(SolutionProperties) = preSolution
		HideSolutionNode = FALSE
	EndGlobalSection
	GlobalSection(ExtensibilityGlobals) = postSolution
		SolutionGuid = {ED150E20-F627-4163-B8B2-3CD0C1243225}
	EndGlobalSection
EndGlobal
